
Microsoft Visual Studio Solution File, Format Version 12.00
# Visual Studio Version 16
VisualStudioVersion = 16.0.29123.88
MinimumVisualStudioVersion = 10.0.40219.1

Project("{8BC9CEB8-8B4A-11D0-8D11-00A0C91BC942}") = "resmon", "libs/resmon/resmon.vcxproj", "{8A9EF5DA-41FF-4F58-BB0E-EEA45F2C11E6}"
EndProject
Project("{8BC9CEB8-8B4A-11D0-8D11-00A0C91BC942}") = "umode", "libs/modedep/umode/umode.vcxproj", "{E2B4BB90-BCF3-47A8-82AE-0C9DA61EC72A}"
EndProject
Project("{8BC9CEB8-8B4A-11D0-8D11-00A0C91BC942}") = "kmode", "libs/modedep/kmode/kmode.vcxproj", "{212ED09D-9540-426E-929C-BCD308948678}"
EndProject
Project("{8BC9CEB8-8B4A-11D0-8D11-00A0C91BC942}") = "resmon_driver", "src/driver/resmon_driver.vcxproj", "{F9668366-BACB-408E-A1FA-AEE63FA4224B}"
	ProjectSection(ProjectDependencies) = postProject
		{66CBF08A-AEC5-4921-9102-E39FA75F17BE} = {66CBF08A-AEC5-4921-9102-E39FA75F17BE}
		{212ED09D-9540-426E-929C-BCD308948678} = {212ED09D-9540-426E-929C-BCD308948678}
	EndProjectSection
EndProject
Project("{8BC9CEB8-8B4A-11D0-8D11-00A0C91BC942}") = "resmon_client", "src/client/resmon_client.vcxproj", "{66CBF08A-AEC5-4921-9102-E39FA75F17BE}"
	ProjectSection(ProjectDependencies) = postProject
		{E2B4BB90-BCF3-47A8-82AE-0C9DA61EC72A} = {E2B4BB90-BCF3-47A8-82AE-0C9DA61EC72A}
		{8A9EF5DA-41FF-4F58-BB0E-EEA45F2C11E6} = {8A9EF5DA-41FF-4F58-BB0E-EEA45F2C11E6}
	EndProjectSection
EndProject
Project("{8BC9CEB8-8B4A-11D0-8D11-00A0C91BC942}") = "resmon_dll", "src/dll/resmon.vcxproj", "{77CBF08A-AEC5-4921-9102-E39FA75F17BE}"
	ProjectSection(ProjectDependencies) = postProject
		{E2B4BB90-BCF3-47A8-82AE-0C9DA61EC72A} = {E2B4BB90-BCF3-47A8-82AE-0C9DA61EC72A}
		{8A9EF5DA-41FF-4F58-BB0E-EEA45F2C11E6} = {8A9EF5DA-41FF-4F58-BB0E-EEA45F2C11E6}
	EndProjectSection
EndProject

Project("{8BC9CEB8-8B4A-11D0-8D11-00A0C91BC942}") = "usermode_test", "tests/usermode/usermode_test.vcxproj", "{88CBF08A-AEC5-4921-9102-E39FA75F17BE}"
	ProjectSection(ProjectDependencies) = postProject
		{77CBF08A-AEC5-4921-9102-E39FA75F17BE} = {77CBF08A-AEC5-4921-9102-E39FA75F17BE}
	EndProjectSection
EndProject

Project("{8BC9CEB8-8B4A-11D0-8D11-00A0C91BC942}") = "kernelmode_test", "tests/kernelmode/kernelmode_test.vcxproj", "{99CBF08A-AEC5-4921-9102-E39FA75F17BE}"
	ProjectSection(ProjectDependencies) = postProject
		{66CBF08A-AEC5-4921-9102-E39FA75F17BE} = {66CBF08A-AEC5-4921-9102-E39FA75F17BE}
		{212ED09D-9540-426E-929C-BCD308948678} = {212ED09D-9540-426E-929C-BCD308948678}
	EndProjectSection
EndProject

Global
	GlobalSection(SolutionConfigurationPlatforms) = preSolution
		Debug|ARM = Debug|ARM
		Debug|ARM64 = Debug|ARM64
		Debug|x64 = Debug|x64
		Debug|x86 = Debug|x86
		Release|ARM = Release|ARM
		Release|ARM64 = Release|ARM64
		Release|x64 = Release|x64
		Release|x86 = Release|x86
	EndGlobalSection
	GlobalSection(ProjectConfigurationPlatforms) = postSolution
		{F9668366-BACB-408E-A1FA-AEE63FA4224B}.Debug|ARM.ActiveCfg = Debug|ARM
		{F9668366-BACB-408E-A1FA-AEE63FA4224B}.Debug|ARM.Build.0 = Debug|ARM
		{F9668366-BACB-408E-A1FA-AEE63FA4224B}.Debug|ARM.Deploy.0 = Debug|ARM
		{F9668366-BACB-408E-A1FA-AEE63FA4224B}.Debug|ARM64.ActiveCfg = Debug|ARM64
		{F9668366-BACB-408E-A1FA-AEE63FA4224B}.Debug|ARM64.Build.0 = Debug|ARM64
		{F9668366-BACB-408E-A1FA-AEE63FA4224B}.Debug|ARM64.Deploy.0 = Debug|ARM64
		{F9668366-BACB-408E-A1FA-AEE63FA4224B}.Debug|x64.ActiveCfg = Debug|x64
		{F9668366-BACB-408E-A1FA-AEE63FA4224B}.Debug|x64.Build.0 = Debug|x64
		{F9668366-BACB-408E-A1FA-AEE63FA4224B}.Debug|x64.Deploy.0 = Debug|x64
		{F9668366-BACB-408E-A1FA-AEE63FA4224B}.Debug|x86.ActiveCfg = Debug|Win32
		{F9668366-BACB-408E-A1FA-AEE63FA4224B}.Debug|x86.Build.0 = Debug|Win32
		{F9668366-BACB-408E-A1FA-AEE63FA4224B}.Debug|x86.Deploy.0 = Debug|Win32
		{F9668366-BACB-408E-A1FA-AEE63FA4224B}.Release|ARM.ActiveCfg = Release|ARM
		{F9668366-BACB-408E-A1FA-AEE63FA4224B}.Release|ARM.Build.0 = Release|ARM
		{F9668366-BACB-408E-A1FA-AEE63FA4224B}.Release|ARM.Deploy.0 = Release|ARM
		{F9668366-BACB-408E-A1FA-AEE63FA4224B}.Release|ARM64.ActiveCfg = Release|ARM64
		{F9668366-BACB-408E-A1FA-AEE63FA4224B}.Release|ARM64.Build.0 = Release|ARM64
		{F9668366-BACB-408E-A1FA-AEE63FA4224B}.Release|ARM64.Deploy.0 = Release|ARM64
		{F9668366-BACB-408E-A1FA-AEE63FA4224B}.Release|x64.ActiveCfg = Release|x64
		{F9668366-BACB-408E-A1FA-AEE63FA4224B}.Release|x64.Build.0 = Release|x64
		{F9668366-BACB-408E-A1FA-AEE63FA4224B}.Release|x64.Deploy.0 = Release|x64
		{F9668366-BACB-408E-A1FA-AEE63FA4224B}.Release|x86.ActiveCfg = Release|Win32
		{F9668366-BACB-408E-A1FA-AEE63FA4224B}.Release|x86.Build.0 = Release|Win32
		{F9668366-BACB-408E-A1FA-AEE63FA4224B}.Release|x86.Deploy.0 = Release|Win32
		{66CBF08A-AEC5-4921-9102-E39FA75F17BE}.Debug|ARM.ActiveCfg = Debug|ARM
		{66CBF08A-AEC5-4921-9102-E39FA75F17BE}.Debug|ARM.Build.0 = Debug|ARM
		{66CBF08A-AEC5-4921-9102-E39FA75F17BE}.Debug|ARM64.ActiveCfg = Debug|ARM64
		{66CBF08A-AEC5-4921-9102-E39FA75F17BE}.Debug|ARM64.Build.0 = Debug|ARM64
		{66CBF08A-AEC5-4921-9102-E39FA75F17BE}.Debug|x64.ActiveCfg = Debug|x64
		{66CBF08A-AEC5-4921-9102-E39FA75F17BE}.Debug|x64.Build.0 = Debug|x64
		{66CBF08A-AEC5-4921-9102-E39FA75F17BE}.Debug|x86.ActiveCfg = Debug|Win32
		{66CBF08A-AEC5-4921-9102-E39FA75F17BE}.Debug|x86.Build.0 = Debug|Win32
		{66CBF08A-AEC5-4921-9102-E39FA75F17BE}.Release|ARM.ActiveCfg = Release|ARM
		{66CBF08A-AEC5-4921-9102-E39FA75F17BE}.Release|ARM.Build.0 = Release|ARM
		{66CBF08A-AEC5-4921-9102-E39FA75F17BE}.Release|ARM64.ActiveCfg = Release|ARM64
		{66CBF08A-AEC5-4921-9102-E39FA75F17BE}.Release|ARM64.Build.0 = Release|ARM64
		{66CBF08A-AEC5-4921-9102-E39FA75F17BE}.Release|x64.ActiveCfg = Release|x64
		{66CBF08A-AEC5-4921-9102-E39FA75F17BE}.Release|x64.Build.0 = Release|x64
		{66CBF08A-AEC5-4921-9102-E39FA75F17BE}.Release|x86.ActiveCfg = Release|Win32
		{66CBF08A-AEC5-4921-9102-E39FA75F17BE}.Release|x86.Build.0 = Release|Win32
		{E2B4BB90-BCF3-47A8-82AE-0C9DA61EC72A}.Debug|ARM.ActiveCfg = Debug|ARM
		{E2B4BB90-BCF3-47A8-82AE-0C9DA61EC72A}.Debug|ARM.Build.0 = Debug|ARM
		{E2B4BB90-BCF3-47A8-82AE-0C9DA61EC72A}.Debug|ARM64.ActiveCfg = Debug|ARM64
		{E2B4BB90-BCF3-47A8-82AE-0C9DA61EC72A}.Debug|ARM64.Build.0 = Debug|ARM64
		{E2B4BB90-BCF3-47A8-82AE-0C9DA61EC72A}.Debug|x64.ActiveCfg = Debug|x64
		{E2B4BB90-BCF3-47A8-82AE-0C9DA61EC72A}.Debug|x64.Build.0 = Debug|x64
		{E2B4BB90-BCF3-47A8-82AE-0C9DA61EC72A}.Debug|x86.ActiveCfg = Debug|Win32
		{E2B4BB90-BCF3-47A8-82AE-0C9DA61EC72A}.Debug|x86.Build.0 = Debug|Win32
		{E2B4BB90-BCF3-47A8-82AE-0C9DA61EC72A}.Release|ARM.ActiveCfg = Release|ARM
		{E2B4BB90-BCF3-47A8-82AE-0C9DA61EC72A}.Release|ARM.Build.0 = Release|ARM
		{E2B4BB90-BCF3-47A8-82AE-0C9DA61EC72A}.Release|ARM64.ActiveCfg = Release|ARM64
		{E2B4BB90-BCF3-47A8-82AE-0C9DA61EC72A}.Release|ARM64.Build.0 = Release|ARM64
		{E2B4BB90-BCF3-47A8-82AE-0C9DA61EC72A}.Release|x64.ActiveCfg = Release|x64
		{E2B4BB90-BCF3-47A8-82AE-0C9DA61EC72A}.Release|x64.Build.0 = Release|x64
		{E2B4BB90-BCF3-47A8-82AE-0C9DA61EC72A}.Release|x86.ActiveCfg = Release|Win32
		{E2B4BB90-BCF3-47A8-82AE-0C9DA61EC72A}.Release|x86.Build.0 = Release|Win32
		{212ED09D-9540-426E-929C-BCD308948678}.Debug|ARM.ActiveCfg = Debug|ARM
		{212ED09D-9540-426E-929C-BCD308948678}.Debug|ARM.Build.0 = Debug|ARM
		{212ED09D-9540-426E-929C-BCD308948678}.Debug|ARM64.ActiveCfg = Debug|ARM64
		{212ED09D-9540-426E-929C-BCD308948678}.Debug|ARM64.Build.0 = Debug|ARM64
		{212ED09D-9540-426E-929C-BCD308948678}.Debug|x64.ActiveCfg = Debug|x64
		{212ED09D-9540-426E-929C-BCD308948678}.Debug|x64.Build.0 = Debug|x64
		{212ED09D-9540-426E-929C-BCD308948678}.Debug|x86.ActiveCfg = Debug|Win32
		{212ED09D-9540-426E-929C-BCD308948678}.Debug|x86.Build.0 = Debug|Win32
		{212ED09D-9540-426E-929C-BCD308948678}.Release|ARM.ActiveCfg = Release|ARM
		{212ED09D-9540-426E-929C-BCD308948678}.Release|ARM.Build.0 = Release|ARM
		{212ED09D-9540-426E-929C-BCD308948678}.Release|ARM64.ActiveCfg = Release|ARM64
		{212ED09D-9540-426E-929C-BCD308948678}.Release|ARM64.Build.0 = Release|ARM64
		{212ED09D-9540-426E-929C-BCD308948678}.Release|x64.ActiveCfg = Release|x64
		{212ED09D-9540-426E-929C-BCD308948678}.Release|x64.Build.0 = Release|x64
		{212ED09D-9540-426E-929C-BCD308948678}.Release|x86.ActiveCfg = Release|Win32
		{212ED09D-9540-426E-929C-BCD308948678}.Release|x86.Build.0 = Release|Win32
		{8A9EF5DA-41FF-4F58-BB0E-EEA45F2C11E6}.Debug|ARM.ActiveCfg = Debug|ARM
		{8A9EF5DA-41FF-4F58-BB0E-EEA45F2C11E6}.Debug|ARM.Build.0 = Debug|ARM
		{8A9EF5DA-41FF-4F58-BB0E-EEA45F2C11E6}.Debug|ARM64.ActiveCfg = Debug|ARM64
		{8A9EF5DA-41FF-4F58-BB0E-EEA45F2C11E6}.Debug|ARM64.Build.0 = Debug|ARM64
		{8A9EF5DA-41FF-4F58-BB0E-EEA45F2C11E6}.Debug|x64.ActiveCfg = Debug|x64
		{8A9EF5DA-41FF-4F58-BB0E-EEA45F2C11E6}.Debug|x64.Build.0 = Debug|x64
		{8A9EF5DA-41FF-4F58-BB0E-EEA45F2C11E6}.Debug|x86.ActiveCfg = Debug|Win32
		{8A9EF5DA-41FF-4F58-BB0E-EEA45F2C11E6}.Debug|x86.Build.0 = Debug|Win32
		{8A9EF5DA-41FF-4F58-BB0E-EEA45F2C11E6}.Release|ARM.ActiveCfg = Release|ARM
		{8A9EF5DA-41FF-4F58-BB0E-EEA45F2C11E6}.Release|ARM.Build.0 = Release|ARM
		{8A9EF5DA-41FF-4F58-BB0E-EEA45F2C11E6}.Release|ARM64.ActiveCfg = Release|ARM64
		{8A9EF5DA-41FF-4F58-BB0E-EEA45F2C11E6}.Release|ARM64.Build.0 = Release|ARM64
		{8A9EF5DA-41FF-4F58-BB0E-EEA45F2C11E6}.Release|x64.ActiveCfg = Release|x64
		{8A9EF5DA-41FF-4F58-BB0E-EEA45F2C11E6}.Release|x64.Build.0 = Release|x64
		{8A9EF5DA-41FF-4F58-BB0E-EEA45F2C11E6}.Release|x86.ActiveCfg = Release|Win32
		{8A9EF5DA-41FF-4F58-BB0E-EEA45F2C11E6}.Release|x86.Build.0 = Release|Win32
		{77CBF08A-AEC5-4921-9102-E39FA75F17BE}.Debug|ARM.ActiveCfg = Debug|ARM
		{77CBF08A-AEC5-4921-9102-E39FA75F17BE}.Debug|ARM.Build.0 = Debug|ARM
		{77CBF08A-AEC5-4921-9102-E39FA75F17BE}.Debug|ARM64.ActiveCfg = Debug|ARM64
		{77CBF08A-AEC5-4921-9102-E39FA75F17BE}.Debug|ARM64.Build.0 = Debug|ARM64
		{77CBF08A-AEC5-4921-9102-E39FA75F17BE}.Debug|x64.ActiveCfg = Debug|x64
		{77CBF08A-AEC5-4921-9102-E39FA75F17BE}.Debug|x64.Build.0 = Debug|x64
		{77CBF08A-AEC5-4921-9102-E39FA75F17BE}.Debug|x86.ActiveCfg = Debug|Win32
		{77CBF08A-AEC5-4921-9102-E39FA75F17BE}.Debug|x86.Build.0 = Debug|Win32
		{77CBF08A-AEC5-4921-9102-E39FA75F17BE}.Release|ARM.ActiveCfg = Release|ARM
		{77CBF08A-AEC5-4921-9102-E39FA75F17BE}.Release|ARM.Build.0 = Release|ARM
		{77CBF08A-AEC5-4921-9102-E39FA75F17BE}.Release|ARM64.ActiveCfg = Release|ARM64
		{77CBF08A-AEC5-4921-9102-E39FA75F17BE}.Release|ARM64.Build.0 = Release|ARM64
		{77CBF08A-AEC5-4921-9102-E39FA75F17BE}.Release|x64.ActiveCfg = Release|x64
		{77CBF08A-AEC5-4921-9102-E39FA75F17BE}.Release|x64.Build.0 = Release|x64
		{77CBF08A-AEC5-4921-9102-E39FA75F17BE}.Release|x86.ActiveCfg = Release|Win32
		{77CBF08A-AEC5-4921-9102-E39FA75F17BE}.Release|x86.Build.0 = Release|Win32
		{88CBF08A-AEC5-4921-9102-E39FA75F17BE}.Debug|ARM.ActiveCfg = Debug|ARM
		{88CBF08A-AEC5-4921-9102-E39FA75F17BE}.Debug|ARM.Build.0 = Debug|ARM
		{88CBF08A-AEC5-4921-9102-E39FA75F17BE}.Debug|ARM64.ActiveCfg = Debug|ARM64
		{88CBF08A-AEC5-4921-9102-E39FA75F17BE}.Debug|ARM64.Build.0 = Debug|ARM64
		{88CBF08A-AEC5-4921-9102-E39FA75F17BE}.Debug|x64.ActiveCfg = Debug|x64
		{88CBF08A-AEC5-4921-9102-E39FA75F17BE}.Debug|x64.Build.0 = Debug|x64
		{88CBF08A-AEC5-4921-9102-E39FA75F17BE}.Debug|x86.ActiveCfg = Debug|Win32
		{88CBF08A-AEC5-4921-9102-E39FA75F17BE}.Debug|x86.Build.0 = Debug|Win32
		{88CBF08A-AEC5-4921-9102-E39FA75F17BE}.Release|ARM.ActiveCfg = Release|ARM
		{88CBF08A-AEC5-4921-9102-E39FA75F17BE}.Release|ARM.Build.0 = Release|ARM
		{88CBF08A-AEC5-4921-9102-E39FA75F17BE}.Release|ARM64.ActiveCfg = Release|ARM64
		{88CBF08A-AEC5-4921-9102-E39FA75F17BE}.Release|ARM64.Build.0 = Release|ARM64
		{88CBF08A-AEC5-4921-9102-E39FA75F17BE}.Release|x64.ActiveCfg = Release|x64
		{88CBF08A-AEC5-4921-9102-E39FA75F17BE}.Release|x64.Build.0 = Release|x64
		{88CBF08A-AEC5-4921-9102-E39FA75F17BE}.Release|x86.ActiveCfg = Release|Win32
		{88CBF08A-AEC5-4921-9102-E39FA75F17BE}.Release|x86.Build.0 = Release|Win32
		{99CBF08A-AEC5-4921-9102-E39FA75F17BE}.Debug|ARM.ActiveCfg = Debug|ARM
		{99CBF08A-AEC5-4921-9102-E39FA75F17BE}.Debug|ARM.Build.0 = Debug|ARM
		{99CBF08A-AEC5-4921-9102-E39FA75F17BE}.Debug|ARM64.ActiveCfg = Debug|ARM64
		{99CBF08A-AEC5-4921-9102-E39FA75F17BE}.Debug|ARM64.Build.0 = Debug|ARM64
		{99CBF08A-AEC5-4921-9102-E39FA75F17BE}.Debug|x64.ActiveCfg = Debug|x64
		{99CBF08A-AEC5-4921-9102-E39FA75F17BE}.Debug|x64.Build.0 = Debug|x64
		{99CBF08A-AEC5-4921-9102-E39FA75F17BE}.Debug|x86.ActiveCfg = Debug|Win32
		{99CBF08A-AEC5-4921-9102-E39FA75F17BE}.Debug|x86.Build.0 = Debug|Win32
		{99CBF08A-AEC5-4921-9102-E39FA75F17BE}.Release|ARM.ActiveCfg = Release|ARM
		{99CBF08A-AEC5-4921-9102-E39FA75F17BE}.Release|ARM.Build.0 = Release|ARM
		{99CBF08A-AEC5-4921-9102-E39FA75F17BE}.Release|ARM64.ActiveCfg = Release|ARM64
		{99CBF08A-AEC5-4921-9102-E39FA75F17BE}.Release|ARM64.Build.0 = Release|ARM64
		{99CBF08A-AEC5-4921-9102-E39FA75F17BE}.Release|x64.ActiveCfg = Release|x64
		{99CBF08A-AEC5-4921-9102-E39FA75F17BE}.Release|x64.Build.0 = Release|x64
		{99CBF08A-AEC5-4921-9102-E39FA75F17BE}.Release|x86.ActiveCfg = Release|Win32
		{99CBF08A-AEC5-4921-9102-E39FA75F17BE}.Release|x86.Build.0 = Release|Win32
	EndGlobalSection
	GlobalSection(SolutionProperties) = preSolution
		HideSolutionNode = FALSE
	EndGlobalSection
	GlobalSection(ExtensibilityGlobals) = postSolution
		SolutionGuid = {B168C176-9455-42A5-8594-43F2FE8F441E}
	EndGlobalSection
EndGlobal
